PODS:
  - SnapKit (5.6.0)
  - SwiftBaseKit (0.1.2):
    - SwiftBaseKit/Adapter (= 0.1.2)
    - SwiftBaseKit/Config (= 0.1.2)
    - SwiftBaseKit/Constant (= 0.1.2)
    - SwiftBaseKit/Extension (= 0.1.2)
    - SwiftBaseKit/Manager (= 0.1.2)
  - SwiftBaseKit/Adapter (0.1.2):
    - SwiftBaseKit/Config
    - SwiftBaseKit/Constant
    - SwiftBaseKit/Extension
  - SwiftBaseKit/Config (0.1.2):
    - SwiftBaseKit/Extension
  - SwiftBaseKit/Constant (0.1.2):
    - SwiftBaseKit/Config
  - SwiftBaseKit/Extension (0.1.2)
  - SwiftBaseKit/Manager (0.1.2)
  - SwiftComponentsKit (1.0.3):
    - SnapKit
    - SwiftBaseKit
    - SwiftComponentsKit/BaseViewController (= 1.0.3)
    - SwiftComponentsKit/MenuBarController (= 1.0.3)
    - SwiftComponentsKit/RecycleView (= 1.0.3)
    - SwiftComponentsKit/TipsView (= 1.0.3)
  - SwiftComponentsKit/BaseViewController (1.0.3):
    - SnapKit
    - SwiftBaseKit
  - SwiftComponentsKit/MenuBarController (1.0.3):
    - SnapKit
    - SwiftBaseKit
    - SwiftComponentsKit/BaseViewController
  - SwiftComponentsKit/RecycleView (1.0.3):
    - SnapKit
    - SwiftBaseKit
  - SwiftComponentsKit/TipsView (1.0.3):
    - SnapKit
    - SwiftBaseKit

DEPENDENCIES:
  - SwiftComponentsKit

SPEC REPOS:
  https://github.com/CocoaPods/Specs.git:
    - SnapKit
    - SwiftBaseKit
    - SwiftComponentsKit

SPEC CHECKSUMS:
  SnapKit: e01d52ebb8ddbc333eefe2132acf85c8227d9c25
  SwiftBaseKit: c0baf74144d17de8f983df40825910e5505d43be
  SwiftComponentsKit: 4b28bd6ba0ddaeb2bb7a920b82515759c61f68ee

PODFILE CHECKSUM: 37d58898b40fb35fbf5d5cf7649962aa9d2643df

COCOAPODS: 1.11.2
